// !$*UTF8*$!
{
	archiveVersion = 1;
	classes = {
	};
	objectVersion = 48;
	objects = {

/* Begin PBXBuildFile section */
		4893D23E1FD4EE230097BD12 /* main.swift in Sources */ = {isa = PBXBuildFile; fileRef = 4893D23D1FD4EE230097BD12 /* main.swift */; };
		4893D2461FD4EE7E0097BD12 /* FileControl.swift in Sources */ = {isa = PBXBuildFile; fileRef = 4893D2441FD4EE7E0097BD12 /* FileControl.swift */; };
		4893D2471FD4EE7E0097BD12 /* String+Extension.swift in Sources */ = {isa = PBXBuildFile; fileRef = 4893D2451FD4EE7E0097BD12 /* String+Extension.swift */; };
		4893D2491FD51FB80097BD12 /* ComparePlist.swift in Sources */ = {isa = PBXBuildFile; fileRef = 4893D2481FD51FB80097BD12 /* ComparePlist.swift */; };
		4893D24B1FD520060097BD12 /* RepeatFromPlist.swift in Sources */ = {isa = PBXBuildFile; fileRef = 4893D24A1FD520060097BD12 /* RepeatFromPlist.swift */; };
/* End PBXBuildFile section */

/* Begin PBXCopyFilesBuildPhase section */
		4893D2381FD4EE230097BD12 /* CopyFiles */ = {
			isa = PBXCopyFilesBuildPhase;
			buildActionMask = 2147483647;
			dstPath = /usr/share/man/man1/;
			dstSubfolderSpec = 0;
			files = (
			);
			runOnlyForDeploymentPostprocessing = 1;
		};
/* End PBXCopyFilesBuildPhase section */

/* Begin PBXFileReference section */
		4893D23A1FD4EE230097BD12 /* ProjectCheckRepeat */ = {isa = PBXFileReference; explicitFileType = "compiled.mach-o.executable"; includeInIndex = 0; path = ProjectCheckRepeat; sourceTree = BUILT_PRODUCTS_DIR; };
		4893D23D1FD4EE230097BD12 /* main.swift */ = {isa = PBXFileReference; lastKnownFileType = sourcecode.swift; path = main.swift; sourceTree = "<group>"; };
		4893D2441FD4EE7E0097BD12 /* FileControl.swift */ = {isa = PBXFileReference; fileEncoding = 4; lastKnownFileType = sourcecode.swift; path = FileControl.swift; sourceTree = "<group>"; };
		4893D2451FD4EE7E0097BD12 /* String+Extension.swift */ = {isa = PBXFileReference; fileEncoding = 4; lastKnownFileType = sourcecode.swift; path = "String+Extension.swift"; sourceTree = "<group>"; };
		4893D2481FD51FB80097BD12 /* ComparePlist.swift */ = {isa = PBXFileReference; lastKnownFileType = sourcecode.swift; path = ComparePlist.swift; sourceTree = "<group>"; };
		4893D24A1FD520060097BD12 /* RepeatFromPlist.swift */ = {isa = PBXFileReference; lastKnownFileType = sourcecode.swift; path = RepeatFromPlist.swift; sourceTree = "<group>"; };
/* End PBXFileReference section */

/* Begin PBXFrameworksBuildPhase section */
		4893D2371FD4EE230097BD12 /* Frameworks */ = {
			isa = PBXFrameworksBuildPhase;
			buildActionMask = 2147483647;
			files = (
			);
			runOnlyForDeploymentPostprocessing = 0;
		};
/* End PBXFrameworksBuildPhase section */

/* Begin PBXGroup section */
		4893D2311FD4EE230097BD12 = {
			isa = PBXGroup;
			children = (
				4893D23C1FD4EE230097BD12 /* ProjectCheckRepeat */,
				4893D23B1FD4EE230097BD12 /* Products */,
			);
			sourceTree = "<group>";
		};
		4893D23B1FD4EE230097BD12 /* Products */ = {
			isa = PBXGroup;
			children = (
				4893D23A1FD4EE230097BD12 /* ProjectCheckRepeat */,
			);
			name = Products;
			sourceTree = "<group>";
		};
		4893D23C1FD4EE230097BD12 /* ProjectCheckRepeat */ = {
			isa = PBXGroup;
			children = (
				4893D2441FD4EE7E0097BD12 /* FileControl.swift */,
				4893D2451FD4EE7E0097BD12 /* String+Extension.swift */,
				4893D23D1FD4EE230097BD12 /* main.swift */,
				4893D2481FD51FB80097BD12 /* ComparePlist.swift */,
				4893D24A1FD520060097BD12 /* RepeatFromPlist.swift */,
			);
			path = ProjectCheckRepeat;
			sourceTree = "<group>";
		};
/* End PBXGroup section */

/* Begin PBXNativeTarget section */
		4893D2391FD4EE230097BD12 /* ProjectCheckRepeat */ = {
			isa = PBXNativeTarget;
			buildConfigurationList = 4893D2411FD4EE230097BD12 /* Build configuration list for PBXNativeTarget "ProjectCheckRepeat" */;
			buildPhases = (
				4893D2361FD4EE230097BD12 /* Sources */,
				4893D2371FD4EE230097BD12 /* Frameworks */,
				4893D2381FD4EE230097BD12 /* CopyFiles */,
			);
			buildRules = (
			);
			dependencies = (
			);
			name = ProjectCheckRepeat;
			productName = ProjectCheckRepeat;
			productReference = 4893D23A1FD4EE230097BD12 /* ProjectCheckRepeat */;
			productType = "com.apple.product-type.tool";
		};
/* End PBXNativeTarget section */

/* Begin PBXProject section */
		4893D2321FD4EE230097BD12 /* Project object */ = {
			isa = PBXProject;
			attributes = {
				LastSwiftUpdateCheck = 0910;
				LastUpgradeCheck = 0910;
				ORGANIZATIONNAME = zlm;
				TargetAttributes = {
					4893D2391FD4EE230097BD12 = {
						CreatedOnToolsVersion = 9.1;
						ProvisioningStyle = Automatic;
					};
				};
			};
			buildConfigurationList = 4893D2351FD4EE230097BD12 /* Build configuration list for PBXProject "ProjectCheckRepeat" */;
			compatibilityVersion = "Xcode 8.0";
			developmentRegion = en;
			hasScannedForEncodings = 0;
			knownRegions = (
				en,
			);
			mainGroup = 4893D2311FD4EE230097BD12;
			productRefGroup = 4893D23B1FD4EE230097BD12 /* Products */;
			projectDirPath = "";
			projectRoot = "";
			targets = (
				4893D2391FD4EE230097BD12 /* ProjectCheckRepeat */,
			);
		};
/* End PBXProject section */

/* Begin PBXSourcesBuildPhase section */
		4893D2361FD4EE230097BD12 /* Sources */ = {
			isa = PBXSourcesBuildPhase;
			buildActionMask = 2147483647;
			files = (
				4893D2491FD51FB80097BD12 /* ComparePlist.swift in Sources */,
				4893D24B1FD520060097BD12 /* RepeatFromPlist.swift in Sources */,
				4893D23E1FD4EE230097BD12 /* main.swift in Sources */,
				4893D2471FD4EE7E0097BD12 /* String+Extension.swift in Sources */,
				4893D2461FD4EE7E0097BD12 /* FileControl.swift in Sources */,
			);
			runOnlyForDeploymentPostprocessing = 0;
		};
/* End PBXSourcesBuildPhase section */

/* Begin XCBuildConfiguration section */
		4893D23F1FD4EE230097BD12 /* Debug */ = {
			isa = XCBuildConfiguration;
			buildSettings = {
				ALWAYS_SEARCH_USER_PATHS = NO;
				CLANG_ANALYZER_NONNULL = YES;
				CLANG_ANALYZER_NUMBER_OBJECT_CONVERSION = YES_AGGRESSIVE;
				CLANG_CXX_LANGUAGE_STANDARD = "gnu++14";
				CLANG_CXX_LIBRARY = "libc++";
				CLANG_ENABLE_MODULES = YES;
				CLANG_ENABLE_OBJC_ARC = YES;
				CLANG_WARN_BLOCK_CAPTURE_AUTORELEASING = YES;
				CLANG_WARN_BOOL_CONVERSION = YES;
				CLANG_WARN_COMMA = YES;
				CLANG_WARN_CONSTANT_CONVERSION = YES;
				CLANG_WARN_DIRECT_OBJC_ISA_USAGE = YES_ERROR;
				CLANG_WARN_DOCUMENTATION_COMMENTS = YES;
				CLANG_WARN_EMPTY_BODY = YES;
				CLANG_WARN_ENUM_CONVERSION = YES;
				CLANG_WARN_INFINITE_RECURSION = YES;
				CLANG_WARN_INT_CONVERSION = YES;
				CLANG_WARN_NON_LITERAL_NULL_CONVERSION = YES;
				CLANG_WARN_OBJC_LITERAL_CONVERSION = YES;
				CLANG_WARN_OBJC_ROOT_CLASS = YES_ERROR;
				CLANG_WARN_RANGE_LOOP_ANALYSIS = YES;
				CLANG_WARN_STRICT_PROTOTYPES = YES;
				CLANG_WARN_SUSPICIOUS_MOVE = YES;
				CLANG_WARN_UNGUARDED_AVAILABILITY = YES_AGGRESSIVE;
				CLANG_WARN_UNREACHABLE_CODE = YES;
				CLANG_WARN__DUPLICATE_METHOD_MATCH = YES;
				CODE_SIGN_IDENTITY = "Mac Developer";
				COPY_PHASE_STRIP = NO;
				DEBUG_INFORMATION_FORMAT = dwarf;
				ENABLE_STRICT_OBJC_MSGSEND = YES;
				ENABLE_TESTABILITY = YES;
				GCC_C_LANGUAGE_STANDARD = gnu11;
				GCC_DYNAMIC_NO_PIC = NO;
				GCC_NO_COMMON_BLOCKS = YES;
				GCC_OPTIMIZATION_LEVEL = 0;
				GCC_PREPROCESSOR_DEFINITIONS = (
					"DEBUG=1",
					"$(inherited)",
				);
				GCC_WARN_64_TO_32_BIT_CONVERSION = YES;
				GCC_WARN_ABOUT_RETURN_TYPE = YES_ERROR;
				GCC_WARN_UNDECLARED_SELECTOR = YES;
				GCC_WARN_UNINITIALIZED_AUTOS = YES_AGGRESSIVE;
				GCC_WARN_UNUSED_FUNCTION = YES;
				GCC_WARN_UNUSED_VARIABLE = YES;
				MACOSX_DEPLOYMENT_TARGET = 10.13;
				MTL_ENABLE_DEBUG_INFO = YES;
				ONLY_ACTIVE_ARCH = YES;
				SDKROOT = macosx;
				SWIFT_ACTIVE_COMPILATION_CONDITIONS = DEBUG;
				SWIFT_OPTIMIZATION_LEVEL = "-Onone";
			};
			name = Debug;
		};
		4893D2401FD4EE230097BD12 /* Release */ = {
			isa = XCBuildConfiguration;
			buildSettings = {
				ALWAYS_SEARCH_USER_PATHS = NO;
				CLANG_ANALYZER_NONNULL = YES;
				CLANG_ANALYZER_NUMBER_OBJECT_CONVERSION = YES_AGGRESSIVE;
				CLANG_CXX_LANGUAGE_STANDARD = "gnu++14";
				CLANG_CXX_LIBRARY = "libc++";
				CLANG_ENABLE_MODULES = YES;
				CLANG_ENABLE_OBJC_ARC = YES;
				CLANG_WARN_BLOCK_CAPTURE_AUTORELEASING = YES;
				CLANG_WARN_BOOL_CONVERSION = YES;
				CLANG_WARN_COMMA = YES;
				CLANG_WARN_CONSTANT_CONVERSION = YES;
				CLANG_WARN_DIRECT_OBJC_ISA_USAGE = YES_ERROR;
				CLANG_WARN_DOCUMENTATION_COMMENTS = YES;
				CLANG_WARN_EMPTY_BODY = YES;
				CLANG_WARN_ENUM_CONVERSION = YES;
				CLANG_WARN_INFINITE_RECURSION = YES;
				CLANG_WARN_INT_CONVERSION = YES;
				CLANG_WARN_NON_LITERAL_NULL_CONVERSION = YES;
				CLANG_WARN_OBJC_LITERAL_CONVERSION = YES;
				CLANG_WARN_OBJC_ROOT_CLASS = YES_ERROR;
				CLANG_WARN_RANGE_LOOP_ANALYSIS = YES;
				CLANG_WARN_STRICT_PROTOTYPES = YES;
				CLANG_WARN_SUSPICIOUS_MOVE = YES;
				CLANG_WARN_UNGUARDED_AVAILABILITY = YES_AGGRESSIVE;
				CLANG_WARN_UNREACHABLE_CODE = YES;
				CLANG_WARN__DUPLICATE_METHOD_MATCH = YES;
				CODE_SIGN_IDENTITY = "Mac Developer";
				COPY_PHASE_STRIP = NO;
				DEBUG_INFORMATION_FORMAT = "dwarf-with-dsym";
				ENABLE_NS_ASSERTIONS = NO;
				ENABLE_STRICT_OBJC_MSGSEND = YES;
				GCC_C_LANGUAGE_STANDARD = gnu11;
				GCC_NO_COMMON_BLOCKS = YES;
				GCC_WARN_64_TO_32_BIT_CONVERSION = YES;
				GCC_WARN_ABOUT_RETURN_TYPE = YES_ERROR;
				GCC_WARN_UNDECLARED_SELECTOR = YES;
				GCC_WARN_UNINITIALIZED_AUTOS = YES_AGGRESSIVE;
				GCC_WARN_UNUSED_FUNCTION = YES;
				GCC_WARN_UNUSED_VARIABLE = YES;
				MACOSX_DEPLOYMENT_TARGET = 10.13;
				MTL_ENABLE_DEBUG_INFO = NO;
				SDKROOT = macosx;
				SWIFT_OPTIMIZATION_LEVEL = "-Owholemodule";
			};
			name = Release;
		};
		4893D2421FD4EE230097BD12 /* Debug */ = {
			isa = XCBuildConfiguration;
			buildSettings = {
				CODE_SIGN_STYLE = Automatic;
				DEVELOPMENT_TEAM = K8KKN2L2KK;
				PRODUCT_NAME = "$(TARGET_NAME)";
				SWIFT_VERSION = 4.0;
			};
			name = Debug;
		};
		4893D2431FD4EE230097BD12 /* Release */ = {
			isa = XCBuildConfiguration;
			buildSettings = {
				CODE_SIGN_STYLE = Automatic;
				DEVELOPMENT_TEAM = K8KKN2L2KK;
				PRODUCT_NAME = "$(TARGET_NAME)";
				SWIFT_VERSION = 4.0;
			};
			name = Release;
		};
/* End XCBuildConfiguration section */

/* Begin XCConfigurationList section */
		4893D2351FD4EE230097BD12 /* Build configuration list for PBXProject "ProjectCheckRepeat" */ = {
			isa = XCConfigurationList;
			buildConfigurations = (
				4893D23F1FD4EE230097BD12 /* Debug */,
				4893D2401FD4EE230097BD12 /* Release */,
			);
			defaultConfigurationIsVisible = 0;
			defaultConfigurationName = Release;
		};
		4893D2411FD4EE230097BD12 /* Build configuration list for PBXNativeTarget "ProjectCheckRepeat" */ = {
			isa = XCConfigurationList;
			buildConfigurations = (
				4893D2421FD4EE230097BD12 /* Debug */,
				4893D2431FD4EE230097BD12 /* Release */,
			);
			defaultConfigurationIsVisible = 0;
			defaultConfigurationName = Release;
		};
/* End XCConfigurationList section */
	};
	rootObject = 4893D2321FD4EE230097BD12 /* Project object */;
}
