// !$*UTF8*$!
{
	archiveVersion = 1;
	classes = {
	};
	objectVersion = 50;
	objects = {

/* Begin PBXBuildFile section */
		4851D79021BA48DA00DCAF45 /* Consts.swift in Sources */ = {isa = PBXBuildFile; fileRef = 4851D78D21BA48DA00DCAF45 /* Consts.swift */; };
		4851D79121BA48DA00DCAF45 /* JSONRPCCodeGenerator.swift in Sources */ = {isa = PBXBuildFile; fileRef = 4851D78E21BA48DA00DCAF45 /* JSONRPCCodeGenerator.swift */; };
		4851D79221BA48DA00DCAF45 /* JSONRPCCodeGenerateConfig.swift in Sources */ = {isa = PBXBuildFile; fileRef = 4851D78F21BA48DA00DCAF45 /* JSONRPCCodeGenerateConfig.swift */; };
		4862853A2212BCD70016DE4B /* JSONRPCInitMethod.swift in Sources */ = {isa = PBXBuildFile; fileRef = 486285392212BCD70016DE4B /* JSONRPCInitMethod.swift */; };
		486E5CCC21A803C800731E63 /* main.swift in Sources */ = {isa = PBXBuildFile; fileRef = 486E5CCB21A803C800731E63 /* main.swift */; };
		486E5CDE21A803EE00731E63 /* YLLog.swift in Sources */ = {isa = PBXBuildFile; fileRef = 486E5CD321A803EE00731E63 /* YLLog.swift */; };
		486E5CDF21A803EE00731E63 /* NSObject+Extension.swift in Sources */ = {isa = PBXBuildFile; fileRef = 486E5CD421A803EE00731E63 /* NSObject+Extension.swift */; };
		486E5CE021A803EE00731E63 /* FileControl.swift in Sources */ = {isa = PBXBuildFile; fileRef = 486E5CD521A803EE00731E63 /* FileControl.swift */; };
		486E5CE121A803EE00731E63 /* String+Extension.swift in Sources */ = {isa = PBXBuildFile; fileRef = 486E5CD621A803EE00731E63 /* String+Extension.swift */; };
		486E5CE221A803EE00731E63 /* PgyerManager.swift in Sources */ = {isa = PBXBuildFile; fileRef = 486E5CD721A803EE00731E63 /* PgyerManager.swift */; };
		486E5CE321A803EE00731E63 /* MailManager.swift in Sources */ = {isa = PBXBuildFile; fileRef = 486E5CD821A803EE00731E63 /* MailManager.swift */; };
		486E5CE421A803EE00731E63 /* YLWholeDefine.swift in Sources */ = {isa = PBXBuildFile; fileRef = 486E5CD921A803EE00731E63 /* YLWholeDefine.swift */; };
		486E5CE521A803EE00731E63 /* YLScript.swift in Sources */ = {isa = PBXBuildFile; fileRef = 486E5CDA21A803EE00731E63 /* YLScript.swift */; };
		486E5CE621A803EE00731E63 /* DateManager.swift in Sources */ = {isa = PBXBuildFile; fileRef = 486E5CDB21A803EE00731E63 /* DateManager.swift */; };
		486E5CE721A803EE00731E63 /* LogManager.swift in Sources */ = {isa = PBXBuildFile; fileRef = 486E5CDC21A803EE00731E63 /* LogManager.swift */; };
		486E5CE821A803EE00731E63 /* ProcessInfoControl.swift in Sources */ = {isa = PBXBuildFile; fileRef = 486E5CDD21A803EE00731E63 /* ProcessInfoControl.swift */; };
/* End PBXBuildFile section */

/* Begin PBXCopyFilesBuildPhase section */
		486E5CC621A803C800731E63 /* CopyFiles */ = {
			isa = PBXCopyFilesBuildPhase;
			buildActionMask = 2147483647;
			dstPath = /usr/share/man/man1/;
			dstSubfolderSpec = 0;
			files = (
			);
			runOnlyForDeploymentPostprocessing = 1;
		};
/* End PBXCopyFilesBuildPhase section */

/* Begin PBXFileReference section */
		4851D78D21BA48DA00DCAF45 /* Consts.swift */ = {isa = PBXFileReference; fileEncoding = 4; lastKnownFileType = sourcecode.swift; path = Consts.swift; sourceTree = "<group>"; };
		4851D78E21BA48DA00DCAF45 /* JSONRPCCodeGenerator.swift */ = {isa = PBXFileReference; fileEncoding = 4; lastKnownFileType = sourcecode.swift; path = JSONRPCCodeGenerator.swift; sourceTree = "<group>"; };
		4851D78F21BA48DA00DCAF45 /* JSONRPCCodeGenerateConfig.swift */ = {isa = PBXFileReference; fileEncoding = 4; lastKnownFileType = sourcecode.swift; path = JSONRPCCodeGenerateConfig.swift; sourceTree = "<group>"; };
		486285392212BCD70016DE4B /* JSONRPCInitMethod.swift */ = {isa = PBXFileReference; lastKnownFileType = sourcecode.swift; path = JSONRPCInitMethod.swift; sourceTree = "<group>"; };
		486E5CC821A803C800731E63 /* JSONRpcToSwiftModel */ = {isa = PBXFileReference; explicitFileType = "compiled.mach-o.executable"; includeInIndex = 0; path = JSONRpcToSwiftModel; sourceTree = BUILT_PRODUCTS_DIR; };
		486E5CCB21A803C800731E63 /* main.swift */ = {isa = PBXFileReference; lastKnownFileType = sourcecode.swift; path = main.swift; sourceTree = "<group>"; };
		486E5CD321A803EE00731E63 /* YLLog.swift */ = {isa = PBXFileReference; fileEncoding = 4; lastKnownFileType = sourcecode.swift; path = YLLog.swift; sourceTree = "<group>"; };
		486E5CD421A803EE00731E63 /* NSObject+Extension.swift */ = {isa = PBXFileReference; fileEncoding = 4; lastKnownFileType = sourcecode.swift; path = "NSObject+Extension.swift"; sourceTree = "<group>"; };
		486E5CD521A803EE00731E63 /* FileControl.swift */ = {isa = PBXFileReference; fileEncoding = 4; lastKnownFileType = sourcecode.swift; path = FileControl.swift; sourceTree = "<group>"; };
		486E5CD621A803EE00731E63 /* String+Extension.swift */ = {isa = PBXFileReference; fileEncoding = 4; lastKnownFileType = sourcecode.swift; path = "String+Extension.swift"; sourceTree = "<group>"; };
		486E5CD721A803EE00731E63 /* PgyerManager.swift */ = {isa = PBXFileReference; fileEncoding = 4; lastKnownFileType = sourcecode.swift; path = PgyerManager.swift; sourceTree = "<group>"; };
		486E5CD821A803EE00731E63 /* MailManager.swift */ = {isa = PBXFileReference; fileEncoding = 4; lastKnownFileType = sourcecode.swift; path = MailManager.swift; sourceTree = "<group>"; };
		486E5CD921A803EE00731E63 /* YLWholeDefine.swift */ = {isa = PBXFileReference; fileEncoding = 4; lastKnownFileType = sourcecode.swift; path = YLWholeDefine.swift; sourceTree = "<group>"; };
		486E5CDA21A803EE00731E63 /* YLScript.swift */ = {isa = PBXFileReference; fileEncoding = 4; lastKnownFileType = sourcecode.swift; path = YLScript.swift; sourceTree = "<group>"; };
		486E5CDB21A803EE00731E63 /* DateManager.swift */ = {isa = PBXFileReference; fileEncoding = 4; lastKnownFileType = sourcecode.swift; path = DateManager.swift; sourceTree = "<group>"; };
		486E5CDC21A803EE00731E63 /* LogManager.swift */ = {isa = PBXFileReference; fileEncoding = 4; lastKnownFileType = sourcecode.swift; path = LogManager.swift; sourceTree = "<group>"; };
		486E5CDD21A803EE00731E63 /* ProcessInfoControl.swift */ = {isa = PBXFileReference; fileEncoding = 4; lastKnownFileType = sourcecode.swift; path = ProcessInfoControl.swift; sourceTree = "<group>"; };
/* End PBXFileReference section */

/* Begin PBXFrameworksBuildPhase section */
		486E5CC521A803C800731E63 /* Frameworks */ = {
			isa = PBXFrameworksBuildPhase;
			buildActionMask = 2147483647;
			files = (
			);
			runOnlyForDeploymentPostprocessing = 0;
		};
/* End PBXFrameworksBuildPhase section */

/* Begin PBXGroup section */
		4851D78C21BA48DA00DCAF45 /* JSONRPCCodeGenerator */ = {
			isa = PBXGroup;
			children = (
				4851D78D21BA48DA00DCAF45 /* Consts.swift */,
				4851D78E21BA48DA00DCAF45 /* JSONRPCCodeGenerator.swift */,
				4851D78F21BA48DA00DCAF45 /* JSONRPCCodeGenerateConfig.swift */,
				486285392212BCD70016DE4B /* JSONRPCInitMethod.swift */,
			);
			path = JSONRPCCodeGenerator;
			sourceTree = "<group>";
		};
		486E5CBF21A803C800731E63 = {
			isa = PBXGroup;
			children = (
				486E5CCA21A803C800731E63 /* JSONRpcToSwiftModel */,
				486E5CC921A803C800731E63 /* Products */,
			);
			sourceTree = "<group>";
		};
		486E5CC921A803C800731E63 /* Products */ = {
			isa = PBXGroup;
			children = (
				486E5CC821A803C800731E63 /* JSONRpcToSwiftModel */,
			);
			name = Products;
			sourceTree = "<group>";
		};
		486E5CCA21A803C800731E63 /* JSONRpcToSwiftModel */ = {
			isa = PBXGroup;
			children = (
				4851D78C21BA48DA00DCAF45 /* JSONRPCCodeGenerator */,
				486E5CD221A803EE00731E63 /* TargetManager */,
				486E5CCB21A803C800731E63 /* main.swift */,
			);
			path = JSONRpcToSwiftModel;
			sourceTree = "<group>";
		};
		486E5CD221A803EE00731E63 /* TargetManager */ = {
			isa = PBXGroup;
			children = (
				486E5CD321A803EE00731E63 /* YLLog.swift */,
				486E5CD421A803EE00731E63 /* NSObject+Extension.swift */,
				486E5CD521A803EE00731E63 /* FileControl.swift */,
				486E5CD621A803EE00731E63 /* String+Extension.swift */,
				486E5CD721A803EE00731E63 /* PgyerManager.swift */,
				486E5CD821A803EE00731E63 /* MailManager.swift */,
				486E5CD921A803EE00731E63 /* YLWholeDefine.swift */,
				486E5CDA21A803EE00731E63 /* YLScript.swift */,
				486E5CDB21A803EE00731E63 /* DateManager.swift */,
				486E5CDC21A803EE00731E63 /* LogManager.swift */,
				486E5CDD21A803EE00731E63 /* ProcessInfoControl.swift */,
			);
			name = TargetManager;
			path = ../../../SwiftShellFramework/SwiftShellFramework/TargetManager;
			sourceTree = "<group>";
		};
/* End PBXGroup section */

/* Begin PBXNativeTarget section */
		486E5CC721A803C800731E63 /* JSONRpcToSwiftModel */ = {
			isa = PBXNativeTarget;
			buildConfigurationList = 486E5CCF21A803C800731E63 /* Build configuration list for PBXNativeTarget "JSONRpcToSwiftModel" */;
			buildPhases = (
				486E5CC421A803C800731E63 /* Sources */,
				486E5CC521A803C800731E63 /* Frameworks */,
				486E5CC621A803C800731E63 /* CopyFiles */,
			);
			buildRules = (
			);
			dependencies = (
			);
			name = JSONRpcToSwiftModel;
			productName = JSONRpcToSwiftModel;
			productReference = 486E5CC821A803C800731E63 /* JSONRpcToSwiftModel */;
			productType = "com.apple.product-type.tool";
		};
/* End PBXNativeTarget section */

/* Begin PBXProject section */
		486E5CC021A803C800731E63 /* Project object */ = {
			isa = PBXProject;
			attributes = {
				LastSwiftUpdateCheck = 1010;
				LastUpgradeCheck = 1010;
				ORGANIZATIONNAME = zlm;
				TargetAttributes = {
					486E5CC721A803C800731E63 = {
						CreatedOnToolsVersion = 10.1;
					};
				};
			};
			buildConfigurationList = 486E5CC321A803C800731E63 /* Build configuration list for PBXProject "JSONRpcToSwiftModel" */;
			compatibilityVersion = "Xcode 9.3";
			developmentRegion = en;
			hasScannedForEncodings = 0;
			knownRegions = (
				en,
			);
			mainGroup = 486E5CBF21A803C800731E63;
			productRefGroup = 486E5CC921A803C800731E63 /* Products */;
			projectDirPath = "";
			projectRoot = "";
			targets = (
				486E5CC721A803C800731E63 /* JSONRpcToSwiftModel */,
			);
		};
/* End PBXProject section */

/* Begin PBXSourcesBuildPhase section */
		486E5CC421A803C800731E63 /* Sources */ = {
			isa = PBXSourcesBuildPhase;
			buildActionMask = 2147483647;
			files = (
				486E5CCC21A803C800731E63 /* main.swift in Sources */,
				486E5CE721A803EE00731E63 /* LogManager.swift in Sources */,
				486E5CE621A803EE00731E63 /* DateManager.swift in Sources */,
				4851D79021BA48DA00DCAF45 /* Consts.swift in Sources */,
				4851D79121BA48DA00DCAF45 /* JSONRPCCodeGenerator.swift in Sources */,
				486E5CE821A803EE00731E63 /* ProcessInfoControl.swift in Sources */,
				4862853A2212BCD70016DE4B /* JSONRPCInitMethod.swift in Sources */,
				486E5CE221A803EE00731E63 /* PgyerManager.swift in Sources */,
				486E5CE021A803EE00731E63 /* FileControl.swift in Sources */,
				486E5CDE21A803EE00731E63 /* YLLog.swift in Sources */,
				4851D79221BA48DA00DCAF45 /* JSONRPCCodeGenerateConfig.swift in Sources */,
				486E5CE121A803EE00731E63 /* String+Extension.swift in Sources */,
				486E5CE421A803EE00731E63 /* YLWholeDefine.swift in Sources */,
				486E5CE521A803EE00731E63 /* YLScript.swift in Sources */,
				486E5CDF21A803EE00731E63 /* NSObject+Extension.swift in Sources */,
				486E5CE321A803EE00731E63 /* MailManager.swift in Sources */,
			);
			runOnlyForDeploymentPostprocessing = 0;
		};
/* End PBXSourcesBuildPhase section */

/* Begin XCBuildConfiguration section */
		486E5CCD21A803C800731E63 /* Debug */ = {
			isa = XCBuildConfiguration;
			buildSettings = {
				ALWAYS_SEARCH_USER_PATHS = NO;
				CLANG_ANALYZER_NONNULL = YES;
				CLANG_ANALYZER_NUMBER_OBJECT_CONVERSION = YES_AGGRESSIVE;
				CLANG_CXX_LANGUAGE_STANDARD = "gnu++14";
				CLANG_CXX_LIBRARY = "libc++";
				CLANG_ENABLE_MODULES = YES;
				CLANG_ENABLE_OBJC_ARC = YES;
				CLANG_ENABLE_OBJC_WEAK = YES;
				CLANG_WARN_BLOCK_CAPTURE_AUTORELEASING = YES;
				CLANG_WARN_BOOL_CONVERSION = YES;
				CLANG_WARN_COMMA = YES;
				CLANG_WARN_CONSTANT_CONVERSION = YES;
				CLANG_WARN_DEPRECATED_OBJC_IMPLEMENTATIONS = YES;
				CLANG_WARN_DIRECT_OBJC_ISA_USAGE = YES_ERROR;
				CLANG_WARN_DOCUMENTATION_COMMENTS = YES;
				CLANG_WARN_EMPTY_BODY = YES;
				CLANG_WARN_ENUM_CONVERSION = YES;
				CLANG_WARN_INFINITE_RECURSION = YES;
				CLANG_WARN_INT_CONVERSION = YES;
				CLANG_WARN_NON_LITERAL_NULL_CONVERSION = YES;
				CLANG_WARN_OBJC_IMPLICIT_RETAIN_SELF = YES;
				CLANG_WARN_OBJC_LITERAL_CONVERSION = YES;
				CLANG_WARN_OBJC_ROOT_CLASS = YES_ERROR;
				CLANG_WARN_RANGE_LOOP_ANALYSIS = YES;
				CLANG_WARN_STRICT_PROTOTYPES = YES;
				CLANG_WARN_SUSPICIOUS_MOVE = YES;
				CLANG_WARN_UNGUARDED_AVAILABILITY = YES_AGGRESSIVE;
				CLANG_WARN_UNREACHABLE_CODE = YES;
				CLANG_WARN__DUPLICATE_METHOD_MATCH = YES;
				CODE_SIGN_IDENTITY = "Mac Developer";
				COPY_PHASE_STRIP = NO;
				DEBUG_INFORMATION_FORMAT = dwarf;
				ENABLE_STRICT_OBJC_MSGSEND = YES;
				ENABLE_TESTABILITY = YES;
				GCC_C_LANGUAGE_STANDARD = gnu11;
				GCC_DYNAMIC_NO_PIC = NO;
				GCC_NO_COMMON_BLOCKS = YES;
				GCC_OPTIMIZATION_LEVEL = 0;
				GCC_PREPROCESSOR_DEFINITIONS = (
					"DEBUG=1",
					"$(inherited)",
				);
				GCC_WARN_64_TO_32_BIT_CONVERSION = YES;
				GCC_WARN_ABOUT_RETURN_TYPE = YES_ERROR;
				GCC_WARN_UNDECLARED_SELECTOR = YES;
				GCC_WARN_UNINITIALIZED_AUTOS = YES_AGGRESSIVE;
				GCC_WARN_UNUSED_FUNCTION = YES;
				GCC_WARN_UNUSED_VARIABLE = YES;
				MACOSX_DEPLOYMENT_TARGET = 10.14;
				MTL_ENABLE_DEBUG_INFO = INCLUDE_SOURCE;
				MTL_FAST_MATH = YES;
				ONLY_ACTIVE_ARCH = YES;
				SDKROOT = macosx;
				SWIFT_ACTIVE_COMPILATION_CONDITIONS = DEBUG;
				SWIFT_OPTIMIZATION_LEVEL = "-Onone";
			};
			name = Debug;
		};
		486E5CCE21A803C800731E63 /* Release */ = {
			isa = XCBuildConfiguration;
			buildSettings = {
				ALWAYS_SEARCH_USER_PATHS = NO;
				CLANG_ANALYZER_NONNULL = YES;
				CLANG_ANALYZER_NUMBER_OBJECT_CONVERSION = YES_AGGRESSIVE;
				CLANG_CXX_LANGUAGE_STANDARD = "gnu++14";
				CLANG_CXX_LIBRARY = "libc++";
				CLANG_ENABLE_MODULES = YES;
				CLANG_ENABLE_OBJC_ARC = YES;
				CLANG_ENABLE_OBJC_WEAK = YES;
				CLANG_WARN_BLOCK_CAPTURE_AUTORELEASING = YES;
				CLANG_WARN_BOOL_CONVERSION = YES;
				CLANG_WARN_COMMA = YES;
				CLANG_WARN_CONSTANT_CONVERSION = YES;
				CLANG_WARN_DEPRECATED_OBJC_IMPLEMENTATIONS = YES;
				CLANG_WARN_DIRECT_OBJC_ISA_USAGE = YES_ERROR;
				CLANG_WARN_DOCUMENTATION_COMMENTS = YES;
				CLANG_WARN_EMPTY_BODY = YES;
				CLANG_WARN_ENUM_CONVERSION = YES;
				CLANG_WARN_INFINITE_RECURSION = YES;
				CLANG_WARN_INT_CONVERSION = YES;
				CLANG_WARN_NON_LITERAL_NULL_CONVERSION = YES;
				CLANG_WARN_OBJC_IMPLICIT_RETAIN_SELF = YES;
				CLANG_WARN_OBJC_LITERAL_CONVERSION = YES;
				CLANG_WARN_OBJC_ROOT_CLASS = YES_ERROR;
				CLANG_WARN_RANGE_LOOP_ANALYSIS = YES;
				CLANG_WARN_STRICT_PROTOTYPES = YES;
				CLANG_WARN_SUSPICIOUS_MOVE = YES;
				CLANG_WARN_UNGUARDED_AVAILABILITY = YES_AGGRESSIVE;
				CLANG_WARN_UNREACHABLE_CODE = YES;
				CLANG_WARN__DUPLICATE_METHOD_MATCH = YES;
				CODE_SIGN_IDENTITY = "Mac Developer";
				COPY_PHASE_STRIP = NO;
				DEBUG_INFORMATION_FORMAT = "dwarf-with-dsym";
				ENABLE_NS_ASSERTIONS = NO;
				ENABLE_STRICT_OBJC_MSGSEND = YES;
				GCC_C_LANGUAGE_STANDARD = gnu11;
				GCC_NO_COMMON_BLOCKS = YES;
				GCC_WARN_64_TO_32_BIT_CONVERSION = YES;
				GCC_WARN_ABOUT_RETURN_TYPE = YES_ERROR;
				GCC_WARN_UNDECLARED_SELECTOR = YES;
				GCC_WARN_UNINITIALIZED_AUTOS = YES_AGGRESSIVE;
				GCC_WARN_UNUSED_FUNCTION = YES;
				GCC_WARN_UNUSED_VARIABLE = YES;
				MACOSX_DEPLOYMENT_TARGET = 10.14;
				MTL_ENABLE_DEBUG_INFO = NO;
				MTL_FAST_MATH = YES;
				SDKROOT = macosx;
				SWIFT_COMPILATION_MODE = wholemodule;
				SWIFT_OPTIMIZATION_LEVEL = "-O";
			};
			name = Release;
		};
		486E5CD021A803C800731E63 /* Debug */ = {
			isa = XCBuildConfiguration;
			buildSettings = {
				CODE_SIGN_STYLE = Automatic;
				DEVELOPMENT_TEAM = LB6734HPWJ;
				PRODUCT_NAME = "$(TARGET_NAME)";
				SWIFT_VERSION = 4.2;
			};
			name = Debug;
		};
		486E5CD121A803C800731E63 /* Release */ = {
			isa = XCBuildConfiguration;
			buildSettings = {
				CODE_SIGN_STYLE = Automatic;
				DEVELOPMENT_TEAM = LB6734HPWJ;
				PRODUCT_NAME = "$(TARGET_NAME)";
				SWIFT_VERSION = 4.2;
			};
			name = Release;
		};
/* End XCBuildConfiguration section */

/* Begin XCConfigurationList section */
		486E5CC321A803C800731E63 /* Build configuration list for PBXProject "JSONRpcToSwiftModel" */ = {
			isa = XCConfigurationList;
			buildConfigurations = (
				486E5CCD21A803C800731E63 /* Debug */,
				486E5CCE21A803C800731E63 /* Release */,
			);
			defaultConfigurationIsVisible = 0;
			defaultConfigurationName = Release;
		};
		486E5CCF21A803C800731E63 /* Build configuration list for PBXNativeTarget "JSONRpcToSwiftModel" */ = {
			isa = XCConfigurationList;
			buildConfigurations = (
				486E5CD021A803C800731E63 /* Debug */,
				486E5CD121A803C800731E63 /* Release */,
			);
			defaultConfigurationIsVisible = 0;
			defaultConfigurationName = Release;
		};
/* End XCConfigurationList section */
	};
	rootObject = 486E5CC021A803C800731E63 /* Project object */;
}
